
Microsoft Visual Studio Solution File, Format Version 12.00
# Visual Studio 14
VisualStudioVersion = 14.0.25420.1
MinimumVisualStudioVersion = 10.0.40219.1
Project("{FAE04EC0-301F-11D3-BF4B-00C04F79EFBC}") = "FluentValidationExample.WebApi", "FluentValidationExample.WebApi\FluentValidationExample.WebApi.csproj", "{E91A56BF-2033-425C-B836-351F8B0B3FB3}"
EndProject
Project("{FAE04EC0-301F-11D3-BF4B-00C04F79EFBC}") = "FluentValidationExample.ConsoleClient", "FluentValidationExample.ConsoleClient\FluentValidationExample.ConsoleClient.csproj", "{3170A98A-E4D5-4CB4-A07F-019B5A972A30}"
EndProject
Project("{FAE04EC0-301F-11D3-BF4B-00C04F79EFBC}") = "FluentValidationExample.Models", "FluentValidationExample.Models\FluentValidationExample.Models.csproj", "{506E5709-A8CC-4C1F-8757-277A62123405}"
EndProject
Global
	GlobalSection(SolutionConfigurationPlatforms) = preSolution
		Debug|Any CPU = Debug|Any CPU
		Release|Any CPU = Release|Any CPU
	EndGlobalSection
	GlobalSection(ProjectConfigurationPlatforms) = postSolution
		{E91A56BF-2033-425C-B836-351F8B0B3FB3}.Debug|Any CPU.ActiveCfg = Debug|Any CPU
		{E91A56BF-2033-425C-B836-351F8B0B3FB3}.Debug|Any CPU.Build.0 = Debug|Any CPU
		{E91A56BF-2033-425C-B836-351F8B0B3FB3}.Release|Any CPU.ActiveCfg = Release|Any CPU
		{E91A56BF-2033-425C-B836-351F8B0B3FB3}.Release|Any CPU.Build.0 = Release|Any CPU
		{3170A98A-E4D5-4CB4-A07F-019B5A972A30}.Debug|Any CPU.ActiveCfg = Debug|Any CPU
		{3170A98A-E4D5-4CB4-A07F-019B5A972A30}.Debug|Any CPU.Build.0 = Debug|Any CPU
		{3170A98A-E4D5-4CB4-A07F-019B5A972A30}.Release|Any CPU.ActiveCfg = Release|Any CPU
		{3170A98A-E4D5-4CB4-A07F-019B5A972A30}.Release|Any CPU.Build.0 = Release|Any CPU
		{506E5709-A8CC-4C1F-8757-277A62123405}.Debug|Any CPU.ActiveCfg = Debug|Any CPU
		{506E5709-A8CC-4C1F-8757-277A62123405}.Debug|Any CPU.Build.0 = Debug|Any CPU
		{506E5709-A8CC-4C1F-8757-277A62123405}.Release|Any CPU.ActiveCfg = Release|Any CPU
		{506E5709-A8CC-4C1F-8757-277A62123405}.Release|Any CPU.Build.0 = Release|Any CPU
	EndGlobalSection
	GlobalSection(SolutionProperties) = preSolution
		HideSolutionNode = FALSE
	EndGlobalSection
EndGlobal
